// !$*UTF8*$!
{
	archiveVersion = 1;
	classes = {
	};
	objectVersion = 56;
	objects = {

/* Begin PBXBuildFile section */
		121F9D4C2ACBEDC400CF86C8 /* SymbolRollerViewController.swift in Sources */ = {isa = PBXBuildFile; fileRef = 121F9D4B2ACBEDC400CF86C8 /* SymbolRollerViewController.swift */; };
		126135EF2ACBDFA40092C0C3 /* AppDelegate.swift in Sources */ = {isa = PBXBuildFile; fileRef = 126135EE2ACBDFA40092C0C3 /* AppDelegate.swift */; };
		126135F12ACBDFA40092C0C3 /* SceneDelegate.swift in Sources */ = {isa = PBXBuildFile; fileRef = 126135F02ACBDFA40092C0C3 /* SceneDelegate.swift */; };
		126135F62ACBDFA40092C0C3 /* Main.storyboard in Resources */ = {isa = PBXBuildFile; fileRef = 126135F42ACBDFA40092C0C3 /* Main.storyboard */; };
		126135F82ACBDFA50092C0C3 /* Assets.xcassets in Resources */ = {isa = PBXBuildFile; fileRef = 126135F72ACBDFA50092C0C3 /* Assets.xcassets */; };
		126135FB2ACBDFA50092C0C3 /* LaunchScreen.storyboard in Resources */ = {isa = PBXBuildFile; fileRef = 126135F92ACBDFA50092C0C3 /* LaunchScreen.storyboard */; };
		126136062ACBDFA50092C0C3 /* SybolRollerTests.swift in Sources */ = {isa = PBXBuildFile; fileRef = 126136052ACBDFA50092C0C3 /* SybolRollerTests.swift */; };
		126136102ACBDFA50092C0C3 /* SybolRollerUITests.swift in Sources */ = {isa = PBXBuildFile; fileRef = 1261360F2ACBDFA50092C0C3 /* SybolRollerUITests.swift */; };
		126136122ACBDFA50092C0C3 /* SybolRollerUITestsLaunchTests.swift in Sources */ = {isa = PBXBuildFile; fileRef = 126136112ACBDFA50092C0C3 /* SybolRollerUITestsLaunchTests.swift */; };
/* End PBXBuildFile section */

/* Begin PBXContainerItemProxy section */
		126136022ACBDFA50092C0C3 /* PBXContainerItemProxy */ = {
			isa = PBXContainerItemProxy;
			containerPortal = 126135E32ACBDFA40092C0C3 /* Project object */;
			proxyType = 1;
			remoteGlobalIDString = 126135EA2ACBDFA40092C0C3;
			remoteInfo = SybolRoller;
		};
		1261360C2ACBDFA50092C0C3 /* PBXContainerItemProxy */ = {
			isa = PBXContainerItemProxy;
			containerPortal = 126135E32ACBDFA40092C0C3 /* Project object */;
			proxyType = 1;
			remoteGlobalIDString = 126135EA2ACBDFA40092C0C3;
			remoteInfo = SybolRoller;
		};
/* End PBXContainerItemProxy section */

/* Begin PBXFileReference section */
		121F9D4B2ACBEDC400CF86C8 /* SymbolRollerViewController.swift */ = {isa = PBXFileReference; lastKnownFileType = sourcecode.swift; path = SymbolRollerViewController.swift; sourceTree = "<group>"; };
		126135EB2ACBDFA40092C0C3 /* SybolRoller.app */ = {isa = PBXFileReference; explicitFileType = wrapper.application; includeInIndex = 0; path = SybolRoller.app; sourceTree = BUILT_PRODUCTS_DIR; };
		126135EE2ACBDFA40092C0C3 /* AppDelegate.swift */ = {isa = PBXFileReference; lastKnownFileType = sourcecode.swift; path = AppDelegate.swift; sourceTree = "<group>"; };
		126135F02ACBDFA40092C0C3 /* SceneDelegate.swift */ = {isa = PBXFileReference; lastKnownFileType = sourcecode.swift; path = SceneDelegate.swift; sourceTree = "<group>"; };
		126135F52ACBDFA40092C0C3 /* Base */ = {isa = PBXFileReference; lastKnownFileType = file.storyboard; name = Base; path = Base.lproj/Main.storyboard; sourceTree = "<group>"; };
		126135F72ACBDFA50092C0C3 /* Assets.xcassets */ = {isa = PBXFileReference; lastKnownFileType = folder.assetcatalog; path = Assets.xcassets; sourceTree = "<group>"; };
		126135FA2ACBDFA50092C0C3 /* Base */ = {isa = PBXFileReference; lastKnownFileType = file.storyboard; name = Base; path = Base.lproj/LaunchScreen.storyboard; sourceTree = "<group>"; };
		126135FC2ACBDFA50092C0C3 /* Info.plist */ = {isa = PBXFileReference; lastKnownFileType = text.plist.xml; path = Info.plist; sourceTree = "<group>"; };
		126136012ACBDFA50092C0C3 /* SybolRollerTests.xctest */ = {isa = PBXFileReference; explicitFileType = wrapper.cfbundle; includeInIndex = 0; path = SybolRollerTests.xctest; sourceTree = BUILT_PRODUCTS_DIR; };
		126136052ACBDFA50092C0C3 /* SybolRollerTests.swift */ = {isa = PBXFileReference; lastKnownFileType = sourcecode.swift; path = SybolRollerTests.swift; sourceTree = "<group>"; };
		1261360B2ACBDFA50092C0C3 /* SybolRollerUITests.xctest */ = {isa = PBXFileReference; explicitFileType = wrapper.cfbundle; includeInIndex = 0; path = SybolRollerUITests.xctest; sourceTree = BUILT_PRODUCTS_DIR; };
		1261360F2ACBDFA50092C0C3 /* SybolRollerUITests.swift */ = {isa = PBXFileReference; lastKnownFileType = sourcecode.swift; path = SybolRollerUITests.swift; sourceTree = "<group>"; };
		126136112ACBDFA50092C0C3 /* SybolRollerUITestsLaunchTests.swift */ = {isa = PBXFileReference; lastKnownFileType = sourcecode.swift; path = SybolRollerUITestsLaunchTests.swift; sourceTree = "<group>"; };
/* End PBXFileReference section */

/* Begin PBXFrameworksBuildPhase section */
		126135E82ACBDFA40092C0C3 /* Frameworks */ = {
			isa = PBXFrameworksBuildPhase;
			buildActionMask = 2147483647;
			files = (
			);
			runOnlyForDeploymentPostprocessing = 0;
		};
		126135FE2ACBDFA50092C0C3 /* Frameworks */ = {
			isa = PBXFrameworksBuildPhase;
			buildActionMask = 2147483647;
			files = (
			);
			runOnlyForDeploymentPostprocessing = 0;
		};
		126136082ACBDFA50092C0C3 /* Frameworks */ = {
			isa = PBXFrameworksBuildPhase;
			buildActionMask = 2147483647;
			files = (
			);
			runOnlyForDeploymentPostprocessing = 0;
		};
/* End PBXFrameworksBuildPhase section */

/* Begin PBXGroup section */
		126135E22ACBDFA40092C0C3 = {
			isa = PBXGroup;
			children = (
				126135ED2ACBDFA40092C0C3 /* SybolRoller */,
				126136042ACBDFA50092C0C3 /* SybolRollerTests */,
				1261360E2ACBDFA50092C0C3 /* SybolRollerUITests */,
				126135EC2ACBDFA40092C0C3 /* Products */,
			);
			sourceTree = "<group>";
		};
		126135EC2ACBDFA40092C0C3 /* Products */ = {
			isa = PBXGroup;
			children = (
				126135EB2ACBDFA40092C0C3 /* SybolRoller.app */,
				126136012ACBDFA50092C0C3 /* SybolRollerTests.xctest */,
				1261360B2ACBDFA50092C0C3 /* SybolRollerUITests.xctest */,
			);
			name = Products;
			sourceTree = "<group>";
		};
		126135ED2ACBDFA40092C0C3 /* SybolRoller */ = {
			isa = PBXGroup;
			children = (
				126135EE2ACBDFA40092C0C3 /* AppDelegate.swift */,
				126135F02ACBDFA40092C0C3 /* SceneDelegate.swift */,
				126135F42ACBDFA40092C0C3 /* Main.storyboard */,
				121F9D4B2ACBEDC400CF86C8 /* SymbolRollerViewController.swift */,
				126135F72ACBDFA50092C0C3 /* Assets.xcassets */,
				126135F92ACBDFA50092C0C3 /* LaunchScreen.storyboard */,
				126135FC2ACBDFA50092C0C3 /* Info.plist */,
			);
			path = SybolRoller;
			sourceTree = "<group>";
		};
		126136042ACBDFA50092C0C3 /* SybolRollerTests */ = {
			isa = PBXGroup;
			children = (
				126136052ACBDFA50092C0C3 /* SybolRollerTests.swift */,
			);
			path = SybolRollerTests;
			sourceTree = "<group>";
		};
		1261360E2ACBDFA50092C0C3 /* SybolRollerUITests */ = {
			isa = PBXGroup;
			children = (
				1261360F2ACBDFA50092C0C3 /* SybolRollerUITests.swift */,
				126136112ACBDFA50092C0C3 /* SybolRollerUITestsLaunchTests.swift */,
			);
			path = SybolRollerUITests;
			sourceTree = "<group>";
		};
/* End PBXGroup section */

/* Begin PBXNativeTarget section */
		126135EA2ACBDFA40092C0C3 /* SybolRoller */ = {
			isa = PBXNativeTarget;
			buildConfigurationList = 126136152ACBDFA50092C0C3 /* Build configuration list for PBXNativeTarget "SybolRoller" */;
			buildPhases = (
				126135E72ACBDFA40092C0C3 /* Sources */,
				126135E82ACBDFA40092C0C3 /* Frameworks */,
				126135E92ACBDFA40092C0C3 /* Resources */,
			);
			buildRules = (
			);
			dependencies = (
			);
			name = SybolRoller;
			productName = SybolRoller;
			productReference = 126135EB2ACBDFA40092C0C3 /* SybolRoller.app */;
			productType = "com.apple.product-type.application";
		};
		126136002ACBDFA50092C0C3 /* SybolRollerTests */ = {
			isa = PBXNativeTarget;
			buildConfigurationList = 126136182ACBDFA50092C0C3 /* Build configuration list for PBXNativeTarget "SybolRollerTests" */;
			buildPhases = (
				126135FD2ACBDFA50092C0C3 /* Sources */,
				126135FE2ACBDFA50092C0C3 /* Frameworks */,
				126135FF2ACBDFA50092C0C3 /* Resources */,
			);
			buildRules = (
			);
			dependencies = (
				126136032ACBDFA50092C0C3 /* PBXTargetDependency */,
			);
			name = SybolRollerTests;
			productName = SybolRollerTests;
			productReference = 126136012ACBDFA50092C0C3 /* SybolRollerTests.xctest */;
			productType = "com.apple.product-type.bundle.unit-test";
		};
		1261360A2ACBDFA50092C0C3 /* SybolRollerUITests */ = {
			isa = PBXNativeTarget;
			buildConfigurationList = 1261361B2ACBDFA50092C0C3 /* Build configuration list for PBXNativeTarget "SybolRollerUITests" */;
			buildPhases = (
				126136072ACBDFA50092C0C3 /* Sources */,
				126136082ACBDFA50092C0C3 /* Frameworks */,
				126136092ACBDFA50092C0C3 /* Resources */,
			);
			buildRules = (
			);
			dependencies = (
				1261360D2ACBDFA50092C0C3 /* PBXTargetDependency */,
			);
			name = SybolRollerUITests;
			productName = SybolRollerUITests;
			productReference = 1261360B2ACBDFA50092C0C3 /* SybolRollerUITests.xctest */;
			productType = "com.apple.product-type.bundle.ui-testing";
		};
/* End PBXNativeTarget section */

/* Begin PBXProject section */
		126135E32ACBDFA40092C0C3 /* Project object */ = {
			isa = PBXProject;
			attributes = {
				BuildIndependentTargetsInParallel = 1;
				LastSwiftUpdateCheck = 1430;
				LastUpgradeCheck = 1430;
				TargetAttributes = {
					126135EA2ACBDFA40092C0C3 = {
						CreatedOnToolsVersion = 14.3.1;
					};
					126136002ACBDFA50092C0C3 = {
						CreatedOnToolsVersion = 14.3.1;
						TestTargetID = 126135EA2ACBDFA40092C0C3;
					};
					1261360A2ACBDFA50092C0C3 = {
						CreatedOnToolsVersion = 14.3.1;
						TestTargetID = 126135EA2ACBDFA40092C0C3;
					};
				};
			};
			buildConfigurationList = 126135E62ACBDFA40092C0C3 /* Build configuration list for PBXProject "SybolRoller" */;
			compatibilityVersion = "Xcode 14.0";
			developmentRegion = en;
			hasScannedForEncodings = 0;
			knownRegions = (
				en,
				Base,
			);
			mainGroup = 126135E22ACBDFA40092C0C3;
			productRefGroup = 126135EC2ACBDFA40092C0C3 /* Products */;
			projectDirPath = "";
			projectRoot = "";
			targets = (
				126135EA2ACBDFA40092C0C3 /* SybolRoller */,
				126136002ACBDFA50092C0C3 /* SybolRollerTests */,
				1261360A2ACBDFA50092C0C3 /* SybolRollerUITests */,
			);
		};
/* End PBXProject section */

/* Begin PBXResourcesBuildPhase section */
		126135E92ACBDFA40092C0C3 /* Resources */ = {
			isa = PBXResourcesBuildPhase;
			buildActionMask = 2147483647;
			files = (
				126135FB2ACBDFA50092C0C3 /* LaunchScreen.storyboard in Resources */,
				126135F82ACBDFA50092C0C3 /* Assets.xcassets in Resources */,
				126135F62ACBDFA40092C0C3 /* Main.storyboard in Resources */,
			);
			runOnlyForDeploymentPostprocessing = 0;
		};
		126135FF2ACBDFA50092C0C3 /* Resources */ = {
			isa = PBXResourcesBuildPhase;
			buildActionMask = 2147483647;
			files = (
			);
			runOnlyForDeploymentPostprocessing = 0;
		};
		126136092ACBDFA50092C0C3 /* Resources */ = {
			isa = PBXResourcesBuildPhase;
			buildActionMask = 2147483647;
			files = (
			);
			runOnlyForDeploymentPostprocessing = 0;
		};
/* End PBXResourcesBuildPhase section */

/* Begin PBXSourcesBuildPhase section */
		126135E72ACBDFA40092C0C3 /* Sources */ = {
			isa = PBXSourcesBuildPhase;
			buildActionMask = 2147483647;
			files = (
				126135EF2ACBDFA40092C0C3 /* AppDelegate.swift in Sources */,
				126135F12ACBDFA40092C0C3 /* SceneDelegate.swift in Sources */,
				121F9D4C2ACBEDC400CF86C8 /* SymbolRollerViewController.swift in Sources */,
			);
			runOnlyForDeploymentPostprocessing = 0;
		};
		126135FD2ACBDFA50092C0C3 /* Sources */ = {
			isa = PBXSourcesBuildPhase;
			buildActionMask = 2147483647;
			files = (
				126136062ACBDFA50092C0C3 /* SybolRollerTests.swift in Sources */,
			);
			runOnlyForDeploymentPostprocessing = 0;
		};
		126136072ACBDFA50092C0C3 /* Sources */ = {
			isa = PBXSourcesBuildPhase;
			buildActionMask = 2147483647;
			files = (
				126136122ACBDFA50092C0C3 /* SybolRollerUITestsLaunchTests.swift in Sources */,
				126136102ACBDFA50092C0C3 /* SybolRollerUITests.swift in Sources */,
			);
			runOnlyForDeploymentPostprocessing = 0;
		};
/* End PBXSourcesBuildPhase section */

/* Begin PBXTargetDependency section */
		126136032ACBDFA50092C0C3 /* PBXTargetDependency */ = {
			isa = PBXTargetDependency;
			target = 126135EA2ACBDFA40092C0C3 /* SybolRoller */;
			targetProxy = 126136022ACBDFA50092C0C3 /* PBXContainerItemProxy */;
		};
		1261360D2ACBDFA50092C0C3 /* PBXTargetDependency */ = {
			isa = PBXTargetDependency;
			target = 126135EA2ACBDFA40092C0C3 /* SybolRoller */;
			targetProxy = 1261360C2ACBDFA50092C0C3 /* PBXContainerItemProxy */;
		};
/* End PBXTargetDependency section */

/* Begin PBXVariantGroup section */
		126135F42ACBDFA40092C0C3 /* Main.storyboard */ = {
			isa = PBXVariantGroup;
			children = (
				126135F52ACBDFA40092C0C3 /* Base */,
			);
			name = Main.storyboard;
			sourceTree = "<group>";
		};
		126135F92ACBDFA50092C0C3 /* LaunchScreen.storyboard */ = {
			isa = PBXVariantGroup;
			children = (
				126135FA2ACBDFA50092C0C3 /* Base */,
			);
			name = LaunchScreen.storyboard;
			sourceTree = "<group>";
		};
/* End PBXVariantGroup section */

/* Begin XCBuildConfiguration section */
		126136132ACBDFA50092C0C3 /* Debug */ = {
			isa = XCBuildConfiguration;
			buildSettings = {
				ALWAYS_SEARCH_USER_PATHS = NO;
				CLANG_ANALYZER_NONNULL = YES;
				CLANG_ANALYZER_NUMBER_OBJECT_CONVERSION = YES_AGGRESSIVE;
				CLANG_CXX_LANGUAGE_STANDARD = "gnu++20";
				CLANG_ENABLE_MODULES = YES;
				CLANG_ENABLE_OBJC_ARC = YES;
				CLANG_ENABLE_OBJC_WEAK = YES;
				CLANG_WARN_BLOCK_CAPTURE_AUTORELEASING = YES;
				CLANG_WARN_BOOL_CONVERSION = YES;
				CLANG_WARN_COMMA = YES;
				CLANG_WARN_CONSTANT_CONVERSION = YES;
				CLANG_WARN_DEPRECATED_OBJC_IMPLEMENTATIONS = YES;
				CLANG_WARN_DIRECT_OBJC_ISA_USAGE = YES_ERROR;
				CLANG_WARN_DOCUMENTATION_COMMENTS = YES;
				CLANG_WARN_EMPTY_BODY = YES;
				CLANG_WARN_ENUM_CONVERSION = YES;
				CLANG_WARN_INFINITE_RECURSION = YES;
				CLANG_WARN_INT_CONVERSION = YES;
				CLANG_WARN_NON_LITERAL_NULL_CONVERSION = YES;
				CLANG_WARN_OBJC_IMPLICIT_RETAIN_SELF = YES;
				CLANG_WARN_OBJC_LITERAL_CONVERSION = YES;
				CLANG_WARN_OBJC_ROOT_CLASS = YES_ERROR;
				CLANG_WARN_QUOTED_INCLUDE_IN_FRAMEWORK_HEADER = YES;
				CLANG_WARN_RANGE_LOOP_ANALYSIS = YES;
				CLANG_WARN_STRICT_PROTOTYPES = YES;
				CLANG_WARN_SUSPICIOUS_MOVE = YES;
				CLANG_WARN_UNGUARDED_AVAILABILITY = YES_AGGRESSIVE;
				CLANG_WARN_UNREACHABLE_CODE = YES;
				CLANG_WARN__DUPLICATE_METHOD_MATCH = YES;
				COPY_PHASE_STRIP = NO;
				DEBUG_INFORMATION_FORMAT = dwarf;
				ENABLE_STRICT_OBJC_MSGSEND = YES;
				ENABLE_TESTABILITY = YES;
				GCC_C_LANGUAGE_STANDARD = gnu11;
				GCC_DYNAMIC_NO_PIC = NO;
				GCC_NO_COMMON_BLOCKS = YES;
				GCC_OPTIMIZATION_LEVEL = 0;
				GCC_PREPROCESSOR_DEFINITIONS = (
					"DEBUG=1",
					"$(inherited)",
				);
				GCC_WARN_64_TO_32_BIT_CONVERSION = YES;
				GCC_WARN_ABOUT_RETURN_TYPE = YES_ERROR;
				GCC_WARN_UNDECLARED_SELECTOR = YES;
				GCC_WARN_UNINITIALIZED_AUTOS = YES_AGGRESSIVE;
				GCC_WARN_UNUSED_FUNCTION = YES;
				GCC_WARN_UNUSED_VARIABLE = YES;
				IPHONEOS_DEPLOYMENT_TARGET = 16.4;
				MTL_ENABLE_DEBUG_INFO = INCLUDE_SOURCE;
				MTL_FAST_MATH = YES;
				ONLY_ACTIVE_ARCH = YES;
				SDKROOT = iphoneos;
				SWIFT_ACTIVE_COMPILATION_CONDITIONS = DEBUG;
				SWIFT_OPTIMIZATION_LEVEL = "-Onone";
			};
			name = Debug;
		};
		126136142ACBDFA50092C0C3 /* Release */ = {
			isa = XCBuildConfiguration;
			buildSettings = {
				ALWAYS_SEARCH_USER_PATHS = NO;
				CLANG_ANALYZER_NONNULL = YES;
				CLANG_ANALYZER_NUMBER_OBJECT_CONVERSION = YES_AGGRESSIVE;
				CLANG_CXX_LANGUAGE_STANDARD = "gnu++20";
				CLANG_ENABLE_MODULES = YES;
				CLANG_ENABLE_OBJC_ARC = YES;
				CLANG_ENABLE_OBJC_WEAK = YES;
				CLANG_WARN_BLOCK_CAPTURE_AUTORELEASING = YES;
				CLANG_WARN_BOOL_CONVERSION = YES;
				CLANG_WARN_COMMA = YES;
				CLANG_WARN_CONSTANT_CONVERSION = YES;
				CLANG_WARN_DEPRECATED_OBJC_IMPLEMENTATIONS = YES;
				CLANG_WARN_DIRECT_OBJC_ISA_USAGE = YES_ERROR;
				CLANG_WARN_DOCUMENTATION_COMMENTS = YES;
				CLANG_WARN_EMPTY_BODY = YES;
				CLANG_WARN_ENUM_CONVERSION = YES;
				CLANG_WARN_INFINITE_RECURSION = YES;
				CLANG_WARN_INT_CONVERSION = YES;
				CLANG_WARN_NON_LITERAL_NULL_CONVERSION = YES;
				CLANG_WARN_OBJC_IMPLICIT_RETAIN_SELF = YES;
				CLANG_WARN_OBJC_LITERAL_CONVERSION = YES;
				CLANG_WARN_OBJC_ROOT_CLASS = YES_ERROR;
				CLANG_WARN_QUOTED_INCLUDE_IN_FRAMEWORK_HEADER = YES;
				CLANG_WARN_RANGE_LOOP_ANALYSIS = YES;
				CLANG_WARN_STRICT_PROTOTYPES = YES;
				CLANG_WARN_SUSPICIOUS_MOVE = YES;
				CLANG_WARN_UNGUARDED_AVAILABILITY = YES_AGGRESSIVE;
				CLANG_WARN_UNREACHABLE_CODE = YES;
				CLANG_WARN__DUPLICATE_METHOD_MATCH = YES;
				COPY_PHASE_STRIP = NO;
				DEBUG_INFORMATION_FORMAT = "dwarf-with-dsym";
				ENABLE_NS_ASSERTIONS = NO;
				ENABLE_STRICT_OBJC_MSGSEND = YES;
				GCC_C_LANGUAGE_STANDARD = gnu11;
				GCC_NO_COMMON_BLOCKS = YES;
				GCC_WARN_64_TO_32_BIT_CONVERSION = YES;
				GCC_WARN_ABOUT_RETURN_TYPE = YES_ERROR;
				GCC_WARN_UNDECLARED_SELECTOR = YES;
				GCC_WARN_UNINITIALIZED_AUTOS = YES_AGGRESSIVE;
				GCC_WARN_UNUSED_FUNCTION = YES;
				GCC_WARN_UNUSED_VARIABLE = YES;
				IPHONEOS_DEPLOYMENT_TARGET = 16.4;
				MTL_ENABLE_DEBUG_INFO = NO;
				MTL_FAST_MATH = YES;
				SDKROOT = iphoneos;
				SWIFT_COMPILATION_MODE = wholemodule;
				SWIFT_OPTIMIZATION_LEVEL = "-O";
				VALIDATE_PRODUCT = YES;
			};
			name = Release;
		};
		126136162ACBDFA50092C0C3 /* Debug */ = {
			isa = XCBuildConfiguration;
			buildSettings = {
				ASSETCATALOG_COMPILER_APPICON_NAME = AppIcon;
				ASSETCATALOG_COMPILER_GLOBAL_ACCENT_COLOR_NAME = AccentColor;
				CODE_SIGN_STYLE = Automatic;
				CURRENT_PROJECT_VERSION = 1;
				DEVELOPMENT_TEAM = 34X3BT977M;
				GENERATE_INFOPLIST_FILE = YES;
				INFOPLIST_FILE = SybolRoller/Info.plist;
				INFOPLIST_KEY_UIApplicationSupportsIndirectInputEvents = YES;
				INFOPLIST_KEY_UILaunchStoryboardName = LaunchScreen;
				INFOPLIST_KEY_UIMainStoryboardFile = Main;
				INFOPLIST_KEY_UISupportedInterfaceOrientations_iPad = "UIInterfaceOrientationPortrait UIInterfaceOrientationPortraitUpsideDown UIInterfaceOrientationLandscapeLeft UIInterfaceOrientationLandscapeRight";
				INFOPLIST_KEY_UISupportedInterfaceOrientations_iPhone = "UIInterfaceOrientationPortrait UIInterfaceOrientationLandscapeLeft UIInterfaceOrientationLandscapeRight";
				LD_RUNPATH_SEARCH_PATHS = (
					"$(inherited)",
					"@executable_path/Frameworks",
				);
				MARKETING_VERSION = 1.0;
				PRODUCT_BUNDLE_IDENTIFIER = com.minseok.SybolRoller;
				PRODUCT_NAME = "$(TARGET_NAME)";
				SWIFT_EMIT_LOC_STRINGS = YES;
				SWIFT_VERSION = 5.0;
				TARGETED_DEVICE_FAMILY = "1,2";
			};
			name = Debug;
		};
		126136172ACBDFA50092C0C3 /* Release */ = {
			isa = XCBuildConfiguration;
			buildSettings = {
				ASSETCATALOG_COMPILER_APPICON_NAME = AppIcon;
				ASSETCATALOG_COMPILER_GLOBAL_ACCENT_COLOR_NAME = AccentColor;
				CODE_SIGN_STYLE = Automatic;
				CURRENT_PROJECT_VERSION = 1;
				DEVELOPMENT_TEAM = 34X3BT977M;
				GENERATE_INFOPLIST_FILE = YES;
				INFOPLIST_FILE = SybolRoller/Info.plist;
				INFOPLIST_KEY_UIApplicationSupportsIndirectInputEvents = YES;
				INFOPLIST_KEY_UILaunchStoryboardName = LaunchScreen;
				INFOPLIST_KEY_UIMainStoryboardFile = Main;
				INFOPLIST_KEY_UISupportedInterfaceOrientations_iPad = "UIInterfaceOrientationPortrait UIInterfaceOrientationPortraitUpsideDown UIInterfaceOrientationLandscapeLeft UIInterfaceOrientationLandscapeRight";
				INFOPLIST_KEY_UISupportedInterfaceOrientations_iPhone = "UIInterfaceOrientationPortrait UIInterfaceOrientationLandscapeLeft UIInterfaceOrientationLandscapeRight";
				LD_RUNPATH_SEARCH_PATHS = (
					"$(inherited)",
					"@executable_path/Frameworks",
				);
				MARKETING_VERSION = 1.0;
				PRODUCT_BUNDLE_IDENTIFIER = com.minseok.SybolRoller;
				PRODUCT_NAME = "$(TARGET_NAME)";
				SWIFT_EMIT_LOC_STRINGS = YES;
				SWIFT_VERSION = 5.0;
				TARGETED_DEVICE_FAMILY = "1,2";
			};
			name = Release;
		};
		126136192ACBDFA50092C0C3 /* Debug */ = {
			isa = XCBuildConfiguration;
			buildSettings = {
				ALWAYS_EMBED_SWIFT_STANDARD_LIBRARIES = YES;
				BUNDLE_LOADER = "$(TEST_HOST)";
				CODE_SIGN_STYLE = Automatic;
				CURRENT_PROJECT_VERSION = 1;
				DEVELOPMENT_TEAM = 34X3BT977M;
				GENERATE_INFOPLIST_FILE = YES;
				IPHONEOS_DEPLOYMENT_TARGET = 16.4;
				MARKETING_VERSION = 1.0;
				PRODUCT_BUNDLE_IDENTIFIER = com.minseok.SybolRollerTests;
				PRODUCT_NAME = "$(TARGET_NAME)";
				SWIFT_EMIT_LOC_STRINGS = NO;
				SWIFT_VERSION = 5.0;
				TARGETED_DEVICE_FAMILY = "1,2";
				TEST_HOST = "$(BUILT_PRODUCTS_DIR)/SybolRoller.app/$(BUNDLE_EXECUTABLE_FOLDER_PATH)/SybolRoller";
			};
			name = Debug;
		};
		1261361A2ACBDFA50092C0C3 /* Release */ = {
			isa = XCBuildConfiguration;
			buildSettings = {
				ALWAYS_EMBED_SWIFT_STANDARD_LIBRARIES = YES;
				BUNDLE_LOADER = "$(TEST_HOST)";
				CODE_SIGN_STYLE = Automatic;
				CURRENT_PROJECT_VERSION = 1;
				DEVELOPMENT_TEAM = 34X3BT977M;
				GENERATE_INFOPLIST_FILE = YES;
				IPHONEOS_DEPLOYMENT_TARGET = 16.4;
				MARKETING_VERSION = 1.0;
				PRODUCT_BUNDLE_IDENTIFIER = com.minseok.SybolRollerTests;
				PRODUCT_NAME = "$(TARGET_NAME)";
				SWIFT_EMIT_LOC_STRINGS = NO;
				SWIFT_VERSION = 5.0;
				TARGETED_DEVICE_FAMILY = "1,2";
				TEST_HOST = "$(BUILT_PRODUCTS_DIR)/SybolRoller.app/$(BUNDLE_EXECUTABLE_FOLDER_PATH)/SybolRoller";
			};
			name = Release;
		};
		1261361C2ACBDFA50092C0C3 /* Debug */ = {
			isa = XCBuildConfiguration;
			buildSettings = {
				ALWAYS_EMBED_SWIFT_STANDARD_LIBRARIES = YES;
				CODE_SIGN_STYLE = Automatic;
				CURRENT_PROJECT_VERSION = 1;
				DEVELOPMENT_TEAM = 34X3BT977M;
				GENERATE_INFOPLIST_FILE = YES;
				MARKETING_VERSION = 1.0;
				PRODUCT_BUNDLE_IDENTIFIER = com.minseok.SybolRollerUITests;
				PRODUCT_NAME = "$(TARGET_NAME)";
				SWIFT_EMIT_LOC_STRINGS = NO;
				SWIFT_VERSION = 5.0;
				TARGETED_DEVICE_FAMILY = "1,2";
				TEST_TARGET_NAME = SybolRoller;
			};
			name = Debug;
		};
		1261361D2ACBDFA50092C0C3 /* Release */ = {
			isa = XCBuildConfiguration;
			buildSettings = {
				ALWAYS_EMBED_SWIFT_STANDARD_LIBRARIES = YES;
				CODE_SIGN_STYLE = Automatic;
				CURRENT_PROJECT_VERSION = 1;
				DEVELOPMENT_TEAM = 34X3BT977M;
				GENERATE_INFOPLIST_FILE = YES;
				MARKETING_VERSION = 1.0;
				PRODUCT_BUNDLE_IDENTIFIER = com.minseok.SybolRollerUITests;
				PRODUCT_NAME = "$(TARGET_NAME)";
				SWIFT_EMIT_LOC_STRINGS = NO;
				SWIFT_VERSION = 5.0;
				TARGETED_DEVICE_FAMILY = "1,2";
				TEST_TARGET_NAME = SybolRoller;
			};
			name = Release;
		};
/* End XCBuildConfiguration section */

/* Begin XCConfigurationList section */
		126135E62ACBDFA40092C0C3 /* Build configuration list for PBXProject "SybolRoller" */ = {
			isa = XCConfigurationList;
			buildConfigurations = (
				126136132ACBDFA50092C0C3 /* Debug */,
				126136142ACBDFA50092C0C3 /* Release */,
			);
			defaultConfigurationIsVisible = 0;
			defaultConfigurationName = Release;
		};
		126136152ACBDFA50092C0C3 /* Build configuration list for PBXNativeTarget "SybolRoller" */ = {
			isa = XCConfigurationList;
			buildConfigurations = (
				126136162ACBDFA50092C0C3 /* Debug */,
				126136172ACBDFA50092C0C3 /* Release */,
			);
			defaultConfigurationIsVisible = 0;
			defaultConfigurationName = Release;
		};
		126136182ACBDFA50092C0C3 /* Build configuration list for PBXNativeTarget "SybolRollerTests" */ = {
			isa = XCConfigurationList;
			buildConfigurations = (
				126136192ACBDFA50092C0C3 /* Debug */,
				1261361A2ACBDFA50092C0C3 /* Release */,
			);
			defaultConfigurationIsVisible = 0;
			defaultConfigurationName = Release;
		};
		1261361B2ACBDFA50092C0C3 /* Build configuration list for PBXNativeTarget "SybolRollerUITests" */ = {
			isa = XCConfigurationList;
			buildConfigurations = (
				1261361C2ACBDFA50092C0C3 /* Debug */,
				1261361D2ACBDFA50092C0C3 /* Release */,
			);
			defaultConfigurationIsVisible = 0;
			defaultConfigurationName = Release;
		};
/* End XCConfigurationList section */
	};
	rootObject = 126135E32ACBDFA40092C0C3 /* Project object */;
}
